
Microsoft Visual Studio Solution File, Format Version 12.00
# Visual Studio Version 17
VisualStudioVersion = 17.13.35931.197
MinimumVisualStudioVersion = 10.0.40219.1
Project("{8BC9CEB8-8B4A-11D0-8D11-00A0C91BC942}") = "program", "program\program.vcxproj", "{0A27FC54-9CF1-427A-BF56-58C8FB977129}"
EndProject
Project("{8BC9CEB8-8B4A-11D0-8D11-00A0C91BC942}") = "class1th(sultion)", "class1th(sultion)\class1th(sultion).vcxproj", "{C2E1249F-1395-47D0-A122-066A5F11624F}"
EndProject
Project("{8BC9CEB8-8B4A-11D0-8D11-00A0C91BC942}") = "Class2th(class)", "Class2th(class)\Class2th(class).vcxproj", "{D05A5A83-DBF5-4F44-A940-A3D7805EA9B8}"
EndProject
Project("{8BC9CEB8-8B4A-11D0-8D11-00A0C91BC942}") = "Class3th(constructor & Destructoor)", "Class3th(constructor & Destructoor)\Class3th(constructor & Destructoor).vcxproj", "{4B988491-56AF-47FE-B30A-49F7A819EEB8}"
EndProject
Project("{8BC9CEB8-8B4A-11D0-8D11-00A0C91BC942}") = "연습장", "연습장\연습장.vcxproj", "{F29EB5B0-3A0E-40CB-9FCF-E311486DE466}"
EndProject
Project("{8BC9CEB8-8B4A-11D0-8D11-00A0C91BC942}") = "Class4th(succession)", "Class4th(succession)\Class4th(succession).vcxproj", "{EAAA7660-A948-47B2-832A-B17FCC7A8793}"
EndProject
Global
	GlobalSection(SolutionConfigurationPlatforms) = preSolution
		Debug|x64 = Debug|x64
		Debug|x86 = Debug|x86
		Release|x64 = Release|x64
		Release|x86 = Release|x86
	EndGlobalSection
	GlobalSection(ProjectConfigurationPlatforms) = postSolution
		{0A27FC54-9CF1-427A-BF56-58C8FB977129}.Debug|x64.ActiveCfg = Debug|x64
		{0A27FC54-9CF1-427A-BF56-58C8FB977129}.Debug|x64.Build.0 = Debug|x64
		{0A27FC54-9CF1-427A-BF56-58C8FB977129}.Debug|x86.ActiveCfg = Debug|Win32
		{0A27FC54-9CF1-427A-BF56-58C8FB977129}.Debug|x86.Build.0 = Debug|Win32
		{0A27FC54-9CF1-427A-BF56-58C8FB977129}.Release|x64.ActiveCfg = Release|x64
		{0A27FC54-9CF1-427A-BF56-58C8FB977129}.Release|x64.Build.0 = Release|x64
		{0A27FC54-9CF1-427A-BF56-58C8FB977129}.Release|x86.ActiveCfg = Release|Win32
		{0A27FC54-9CF1-427A-BF56-58C8FB977129}.Release|x86.Build.0 = Release|Win32
		{C2E1249F-1395-47D0-A122-066A5F11624F}.Debug|x64.ActiveCfg = Debug|x64
		{C2E1249F-1395-47D0-A122-066A5F11624F}.Debug|x64.Build.0 = Debug|x64
		{C2E1249F-1395-47D0-A122-066A5F11624F}.Debug|x86.ActiveCfg = Debug|Win32
		{C2E1249F-1395-47D0-A122-066A5F11624F}.Debug|x86.Build.0 = Debug|Win32
		{C2E1249F-1395-47D0-A122-066A5F11624F}.Release|x64.ActiveCfg = Release|x64
		{C2E1249F-1395-47D0-A122-066A5F11624F}.Release|x64.Build.0 = Release|x64
		{C2E1249F-1395-47D0-A122-066A5F11624F}.Release|x86.ActiveCfg = Release|Win32
		{C2E1249F-1395-47D0-A122-066A5F11624F}.Release|x86.Build.0 = Release|Win32
		{D05A5A83-DBF5-4F44-A940-A3D7805EA9B8}.Debug|x64.ActiveCfg = Debug|x64
		{D05A5A83-DBF5-4F44-A940-A3D7805EA9B8}.Debug|x64.Build.0 = Debug|x64
		{D05A5A83-DBF5-4F44-A940-A3D7805EA9B8}.Debug|x86.ActiveCfg = Debug|Win32
		{D05A5A83-DBF5-4F44-A940-A3D7805EA9B8}.Debug|x86.Build.0 = Debug|Win32
		{D05A5A83-DBF5-4F44-A940-A3D7805EA9B8}.Release|x64.ActiveCfg = Release|x64
		{D05A5A83-DBF5-4F44-A940-A3D7805EA9B8}.Release|x64.Build.0 = Release|x64
		{D05A5A83-DBF5-4F44-A940-A3D7805EA9B8}.Release|x86.ActiveCfg = Release|Win32
		{D05A5A83-DBF5-4F44-A940-A3D7805EA9B8}.Release|x86.Build.0 = Release|Win32
		{4B988491-56AF-47FE-B30A-49F7A819EEB8}.Debug|x64.ActiveCfg = Debug|x64
		{4B988491-56AF-47FE-B30A-49F7A819EEB8}.Debug|x64.Build.0 = Debug|x64
		{4B988491-56AF-47FE-B30A-49F7A819EEB8}.Debug|x86.ActiveCfg = Debug|Win32
		{4B988491-56AF-47FE-B30A-49F7A819EEB8}.Debug|x86.Build.0 = Debug|Win32
		{4B988491-56AF-47FE-B30A-49F7A819EEB8}.Release|x64.ActiveCfg = Release|x64
		{4B988491-56AF-47FE-B30A-49F7A819EEB8}.Release|x64.Build.0 = Release|x64
		{4B988491-56AF-47FE-B30A-49F7A819EEB8}.Release|x86.ActiveCfg = Release|Win32
		{4B988491-56AF-47FE-B30A-49F7A819EEB8}.Release|x86.Build.0 = Release|Win32
		{F29EB5B0-3A0E-40CB-9FCF-E311486DE466}.Debug|x64.ActiveCfg = Debug|x64
		{F29EB5B0-3A0E-40CB-9FCF-E311486DE466}.Debug|x64.Build.0 = Debug|x64
		{F29EB5B0-3A0E-40CB-9FCF-E311486DE466}.Debug|x86.ActiveCfg = Debug|Win32
		{F29EB5B0-3A0E-40CB-9FCF-E311486DE466}.Debug|x86.Build.0 = Debug|Win32
		{F29EB5B0-3A0E-40CB-9FCF-E311486DE466}.Release|x64.ActiveCfg = Release|x64
		{F29EB5B0-3A0E-40CB-9FCF-E311486DE466}.Release|x64.Build.0 = Release|x64
		{F29EB5B0-3A0E-40CB-9FCF-E311486DE466}.Release|x86.ActiveCfg = Release|Win32
		{F29EB5B0-3A0E-40CB-9FCF-E311486DE466}.Release|x86.Build.0 = Release|Win32
		{EAAA7660-A948-47B2-832A-B17FCC7A8793}.Debug|x64.ActiveCfg = Debug|x64
		{EAAA7660-A948-47B2-832A-B17FCC7A8793}.Debug|x64.Build.0 = Debug|x64
		{EAAA7660-A948-47B2-832A-B17FCC7A8793}.Debug|x86.ActiveCfg = Debug|Win32
		{EAAA7660-A948-47B2-832A-B17FCC7A8793}.Debug|x86.Build.0 = Debug|Win32
		{EAAA7660-A948-47B2-832A-B17FCC7A8793}.Release|x64.ActiveCfg = Release|x64
		{EAAA7660-A948-47B2-832A-B17FCC7A8793}.Release|x64.Build.0 = Release|x64
		{EAAA7660-A948-47B2-832A-B17FCC7A8793}.Release|x86.ActiveCfg = Release|Win32
		{EAAA7660-A948-47B2-832A-B17FCC7A8793}.Release|x86.Build.0 = Release|Win32
	EndGlobalSection
	GlobalSection(SolutionProperties) = preSolution
		HideSolutionNode = FALSE
	EndGlobalSection
	GlobalSection(ExtensibilityGlobals) = postSolution
		SolutionGuid = {7EF47519-BC6B-4F80-9C79-5A69BB8E84CD}
	EndGlobalSection
EndGlobal
